
Microsoft Visual Studio Solution File, Format Version 12.00
# Visual Studio Version 16
VisualStudioVersion = 16.0.29418.71
MinimumVisualStudioVersion = 10.0.40219.1
Project("{FAE04EC0-301F-11D3-BF4B-00C04F79EFBC}") = "SolutionOlimpicGame", "SolutionOlimpicGame\SolutionOlimpicGame.csproj", "{876E5940-6CED-40A4-8F58-C52EE03534E5}"
EndProject
Project("{888888A0-9F3D-457C-B088-3A5042F75D52}") = "SolutionOlimpicGamePython", "SolutionOlimpicGamePython\SolutionOlimpicGamePython.pyproj", "{15592543-E884-4B2D-ADE5-1B2CFB2FE987}"
EndProject
Project("{8BC9CEB8-8B4A-11D0-8D11-00A0C91BC942}") = "SolutionOlimpicGameCpp", "SolutionOlimpicGameCpp\SolutionOlimpicGameCpp.vcxproj", "{BADFF020-98CE-4FB5-BF09-22C664716F51}"
EndProject
Global
	GlobalSection(SolutionConfigurationPlatforms) = preSolution
		Debug|Any CPU = Debug|Any CPU
		Debug|x64 = Debug|x64
		Debug|x86 = Debug|x86
		Release|Any CPU = Release|Any CPU
		Release|x64 = Release|x64
		Release|x86 = Release|x86
	EndGlobalSection
	GlobalSection(ProjectConfigurationPlatforms) = postSolution
		{876E5940-6CED-40A4-8F58-C52EE03534E5}.Debug|Any CPU.ActiveCfg = Debug|Any CPU
		{876E5940-6CED-40A4-8F58-C52EE03534E5}.Debug|Any CPU.Build.0 = Debug|Any CPU
		{876E5940-6CED-40A4-8F58-C52EE03534E5}.Debug|x64.ActiveCfg = Debug|Any CPU
		{876E5940-6CED-40A4-8F58-C52EE03534E5}.Debug|x64.Build.0 = Debug|Any CPU
		{876E5940-6CED-40A4-8F58-C52EE03534E5}.Debug|x86.ActiveCfg = Debug|Any CPU
		{876E5940-6CED-40A4-8F58-C52EE03534E5}.Debug|x86.Build.0 = Debug|Any CPU
		{876E5940-6CED-40A4-8F58-C52EE03534E5}.Release|Any CPU.ActiveCfg = Release|Any CPU
		{876E5940-6CED-40A4-8F58-C52EE03534E5}.Release|Any CPU.Build.0 = Release|Any CPU
		{876E5940-6CED-40A4-8F58-C52EE03534E5}.Release|x64.ActiveCfg = Release|Any CPU
		{876E5940-6CED-40A4-8F58-C52EE03534E5}.Release|x64.Build.0 = Release|Any CPU
		{876E5940-6CED-40A4-8F58-C52EE03534E5}.Release|x86.ActiveCfg = Release|Any CPU
		{876E5940-6CED-40A4-8F58-C52EE03534E5}.Release|x86.Build.0 = Release|Any CPU
		{15592543-E884-4B2D-ADE5-1B2CFB2FE987}.Debug|Any CPU.ActiveCfg = Debug|Any CPU
		{15592543-E884-4B2D-ADE5-1B2CFB2FE987}.Debug|x64.ActiveCfg = Debug|Any CPU
		{15592543-E884-4B2D-ADE5-1B2CFB2FE987}.Debug|x86.ActiveCfg = Debug|Any CPU
		{15592543-E884-4B2D-ADE5-1B2CFB2FE987}.Release|Any CPU.ActiveCfg = Release|Any CPU
		{15592543-E884-4B2D-ADE5-1B2CFB2FE987}.Release|x64.ActiveCfg = Release|Any CPU
		{15592543-E884-4B2D-ADE5-1B2CFB2FE987}.Release|x86.ActiveCfg = Release|Any CPU
		{BADFF020-98CE-4FB5-BF09-22C664716F51}.Debug|Any CPU.ActiveCfg = Debug|Win32
		{BADFF020-98CE-4FB5-BF09-22C664716F51}.Debug|x64.ActiveCfg = Debug|x64
		{BADFF020-98CE-4FB5-BF09-22C664716F51}.Debug|x64.Build.0 = Debug|x64
		{BADFF020-98CE-4FB5-BF09-22C664716F51}.Debug|x86.ActiveCfg = Debug|Win32
		{BADFF020-98CE-4FB5-BF09-22C664716F51}.Debug|x86.Build.0 = Debug|Win32
		{BADFF020-98CE-4FB5-BF09-22C664716F51}.Release|Any CPU.ActiveCfg = Release|Win32
		{BADFF020-98CE-4FB5-BF09-22C664716F51}.Release|x64.ActiveCfg = Release|x64
		{BADFF020-98CE-4FB5-BF09-22C664716F51}.Release|x64.Build.0 = Release|x64
		{BADFF020-98CE-4FB5-BF09-22C664716F51}.Release|x86.ActiveCfg = Release|Win32
		{BADFF020-98CE-4FB5-BF09-22C664716F51}.Release|x86.Build.0 = Release|Win32
	EndGlobalSection
	GlobalSection(SolutionProperties) = preSolution
		HideSolutionNode = FALSE
	EndGlobalSection
	GlobalSection(ExtensibilityGlobals) = postSolution
		SolutionGuid = {6556CBCE-7729-4857-97A4-55F2A6239E2C}
	EndGlobalSection
EndGlobal
